
Microsoft Visual Studio Solution File, Format Version 12.00
# Visual Studio Version 17
VisualStudioVersion = 17.9.34616.47
MinimumVisualStudioVersion = 10.0.40219.1
Project("{FAE04EC0-301F-11D3-BF4B-00C04F79EFBC}") = "CRUD_app", "WebApplication2\CRUD_app.csproj", "{A95B450F-370C-4344-8FD2-42DF008B67C7}"
EndProject
Global
	GlobalSection(SolutionConfigurationPlatforms) = preSolution
		Debug|Any CPU = Debug|Any CPU
		Release|Any CPU = Release|Any CPU
	EndGlobalSection
	GlobalSection(ProjectConfigurationPlatforms) = postSolution
		{A95B450F-370C-4344-8FD2-42DF008B67C7}.Debug|Any CPU.ActiveCfg = Debug|Any CPU
		{A95B450F-370C-4344-8FD2-42DF008B67C7}.Debug|Any CPU.Build.0 = Debug|Any CPU
		{A95B450F-370C-4344-8FD2-42DF008B67C7}.Release|Any CPU.ActiveCfg = Release|Any CPU
		{A95B450F-370C-4344-8FD2-42DF008B67C7}.Release|Any CPU.Build.0 = Release|Any CPU
	EndGlobalSection
	GlobalSection(SolutionProperties) = preSolution
		HideSolutionNode = FALSE
	EndGlobalSection
	GlobalSection(ExtensibilityGlobals) = postSolution
		SolutionGuid = {9B4AF91E-482A-4FCB-889E-A9AED8299C47}
	EndGlobalSection
EndGlobal
